
Microsoft Visual Studio Solution File, Format Version 12.00
# Visual Studio Version 16
VisualStudioVersion = 16.0.30309.148
MinimumVisualStudioVersion = 10.0.40219.1
Project("{9A19103F-16F7-4668-BE54-9A1E7A4F7556}") = "API", "AuthenticateMe\API.csproj", "{F66AEA18-F1B2-49E0-BD73-201E71E24E24}"
EndProject
Project("{9A19103F-16F7-4668-BE54-9A1E7A4F7556}") = "Domain.User", "Domain.User\Domain.User.csproj", "{250344EE-3758-4810-95CF-4215C20C3F76}"
EndProject
Project("{9A19103F-16F7-4668-BE54-9A1E7A4F7556}") = "Infrastructure", "Infrastructure\Infrastructure.csproj", "{D03EC2C0-887F-4333-B7B8-B5584D999F66}"
EndProject
Project("{9A19103F-16F7-4668-BE54-9A1E7A4F7556}") = "UnitTest", "UnitTest\UnitTest.csproj", "{118BBC4C-E194-4851-9C60-D582A87ECA27}"
EndProject
Project("{9A19103F-16F7-4668-BE54-9A1E7A4F7556}") = "Domain.Security", "Domain.Security\Domain.Security.csproj", "{1F90CD1A-87D9-415A-AAC6-D223EFC45D51}"
EndProject
Project("{9A19103F-16F7-4668-BE54-9A1E7A4F7556}") = "Application", "Application\Application.csproj", "{3ED71737-03D3-4EED-8409-D67B5D31581B}"
EndProject
Global
	GlobalSection(SolutionConfigurationPlatforms) = preSolution
		Debug|Any CPU = Debug|Any CPU
		Release|Any CPU = Release|Any CPU
	EndGlobalSection
	GlobalSection(ProjectConfigurationPlatforms) = postSolution
		{F66AEA18-F1B2-49E0-BD73-201E71E24E24}.Debug|Any CPU.ActiveCfg = Debug|Any CPU
		{F66AEA18-F1B2-49E0-BD73-201E71E24E24}.Debug|Any CPU.Build.0 = Debug|Any CPU
		{F66AEA18-F1B2-49E0-BD73-201E71E24E24}.Release|Any CPU.ActiveCfg = Release|Any CPU
		{F66AEA18-F1B2-49E0-BD73-201E71E24E24}.Release|Any CPU.Build.0 = Release|Any CPU
		{250344EE-3758-4810-95CF-4215C20C3F76}.Debug|Any CPU.ActiveCfg = Debug|Any CPU
		{250344EE-3758-4810-95CF-4215C20C3F76}.Debug|Any CPU.Build.0 = Debug|Any CPU
		{250344EE-3758-4810-95CF-4215C20C3F76}.Release|Any CPU.ActiveCfg = Release|Any CPU
		{250344EE-3758-4810-95CF-4215C20C3F76}.Release|Any CPU.Build.0 = Release|Any CPU
		{D03EC2C0-887F-4333-B7B8-B5584D999F66}.Debug|Any CPU.ActiveCfg = Debug|Any CPU
		{D03EC2C0-887F-4333-B7B8-B5584D999F66}.Debug|Any CPU.Build.0 = Debug|Any CPU
		{D03EC2C0-887F-4333-B7B8-B5584D999F66}.Release|Any CPU.ActiveCfg = Release|Any CPU
		{D03EC2C0-887F-4333-B7B8-B5584D999F66}.Release|Any CPU.Build.0 = Release|Any CPU
		{118BBC4C-E194-4851-9C60-D582A87ECA27}.Debug|Any CPU.ActiveCfg = Debug|Any CPU
		{118BBC4C-E194-4851-9C60-D582A87ECA27}.Debug|Any CPU.Build.0 = Debug|Any CPU
		{118BBC4C-E194-4851-9C60-D582A87ECA27}.Release|Any CPU.ActiveCfg = Release|Any CPU
		{118BBC4C-E194-4851-9C60-D582A87ECA27}.Release|Any CPU.Build.0 = Release|Any CPU
		{1F90CD1A-87D9-415A-AAC6-D223EFC45D51}.Debug|Any CPU.ActiveCfg = Debug|Any CPU
		{1F90CD1A-87D9-415A-AAC6-D223EFC45D51}.Debug|Any CPU.Build.0 = Debug|Any CPU
		{1F90CD1A-87D9-415A-AAC6-D223EFC45D51}.Release|Any CPU.ActiveCfg = Release|Any CPU
		{1F90CD1A-87D9-415A-AAC6-D223EFC45D51}.Release|Any CPU.Build.0 = Release|Any CPU
		{3ED71737-03D3-4EED-8409-D67B5D31581B}.Debug|Any CPU.ActiveCfg = Debug|Any CPU
		{3ED71737-03D3-4EED-8409-D67B5D31581B}.Debug|Any CPU.Build.0 = Debug|Any CPU
		{3ED71737-03D3-4EED-8409-D67B5D31581B}.Release|Any CPU.ActiveCfg = Release|Any CPU
		{3ED71737-03D3-4EED-8409-D67B5D31581B}.Release|Any CPU.Build.0 = Release|Any CPU
	EndGlobalSection
	GlobalSection(SolutionProperties) = preSolution
		HideSolutionNode = FALSE
	EndGlobalSection
	GlobalSection(ExtensibilityGlobals) = postSolution
		SolutionGuid = {30D7180A-B2D5-497D-925B-AC8C9CC94CDB}
	EndGlobalSection
EndGlobal
